
Microsoft Visual Studio Solution File, Format Version 12.00
# Visual Studio 15
VisualStudioVersion = 15.0.28307.1321
MinimumVisualStudioVersion = 10.0.40219.1
Project("{FAE04EC0-301F-11D3-BF4B-00C04F79EFBC}") = "CreateToken", "CreateToken\CreateToken.csproj", "{81E58BE1-821B-4F51-AFB6-67610E2EB667}"
EndProject
Global
	GlobalSection(SolutionConfigurationPlatforms) = preSolution
		Debug|Any CPU = Debug|Any CPU
		Release|Any CPU = Release|Any CPU
	EndGlobalSection
	GlobalSection(ProjectConfigurationPlatforms) = postSolution
		{81E58BE1-821B-4F51-AFB6-67610E2EB667}.Debug|Any CPU.ActiveCfg = Debug|Any CPU
		{81E58BE1-821B-4F51-AFB6-67610E2EB667}.Debug|Any CPU.Build.0 = Debug|Any CPU
		{81E58BE1-821B-4F51-AFB6-67610E2EB667}.Release|Any CPU.ActiveCfg = Release|Any CPU
		{81E58BE1-821B-4F51-AFB6-67610E2EB667}.Release|Any CPU.Build.0 = Release|Any CPU
	EndGlobalSection
	GlobalSection(SolutionProperties) = preSolution
		HideSolutionNode = FALSE
	EndGlobalSection
	GlobalSection(ExtensibilityGlobals) = postSolution
		SolutionGuid = {8938298E-392E-44B6-B9EA-D2E5862142E6}
	EndGlobalSection
EndGlobal
